{
  "nodes": {
    "call-flake": {
      "locked": {
        "lastModified": 1699147280,
        "narHash": "sha256-bmhE1TmrJG4ba93l9WQTLuYM53kwGQAjYHRvHOeuxWU=",
        "owner": "divnix",
        "repo": "call-flake",
        "rev": "7d993ee93bd35a9e6574ec76d54b7d44087495ad",
        "type": "github"
      },
      "original": {
        "owner": "divnix",
        "repo": "call-flake",
        "type": "github"
      }
    },
    "root": {
      "inputs": {
        "call-flake": "call-flake"
      }
    }
  },
  "root": "root",
  "version": 7
}
